
Microsoft Visual Studio Solution File, Format Version 12.00
# Visual Studio Version 17
VisualStudioVersion = 17.11.35219.272
MinimumVisualStudioVersion = 10.0.40219.1
Project("{9A19103F-16F7-4668-BE54-9A1E7A4F7556}") = "Actividad02WebApiFacturacion", "Actividad02WebApiFacturacion.csproj", "{7C385F65-68D9-42AA-8697-D9D03A43A7E5}"
EndProject
Project("{FAE04EC0-301F-11D3-BF4B-00C04F79EFBC}") = "BiblioFacturacion", "..\BiblioFacturacion\BiblioFacturacion.csproj", "{F79FF087-5D5F-4081-8AE2-825F0E5F97D8}"
EndProject
Global
	GlobalSection(SolutionConfigurationPlatforms) = preSolution
		Debug|Any CPU = Debug|Any CPU
		Release|Any CPU = Release|Any CPU
	EndGlobalSection
	GlobalSection(ProjectConfigurationPlatforms) = postSolution
		{7C385F65-68D9-42AA-8697-D9D03A43A7E5}.Debug|Any CPU.ActiveCfg = Debug|Any CPU
		{7C385F65-68D9-42AA-8697-D9D03A43A7E5}.Debug|Any CPU.Build.0 = Debug|Any CPU
		{7C385F65-68D9-42AA-8697-D9D03A43A7E5}.Release|Any CPU.ActiveCfg = Release|Any CPU
		{7C385F65-68D9-42AA-8697-D9D03A43A7E5}.Release|Any CPU.Build.0 = Release|Any CPU
		{F79FF087-5D5F-4081-8AE2-825F0E5F97D8}.Debug|Any CPU.ActiveCfg = Debug|Any CPU
		{F79FF087-5D5F-4081-8AE2-825F0E5F97D8}.Debug|Any CPU.Build.0 = Debug|Any CPU
		{F79FF087-5D5F-4081-8AE2-825F0E5F97D8}.Release|Any CPU.ActiveCfg = Release|Any CPU
		{F79FF087-5D5F-4081-8AE2-825F0E5F97D8}.Release|Any CPU.Build.0 = Release|Any CPU
	EndGlobalSection
	GlobalSection(SolutionProperties) = preSolution
		HideSolutionNode = FALSE
	EndGlobalSection
	GlobalSection(ExtensibilityGlobals) = postSolution
		SolutionGuid = {9224D756-0BC6-4255-A41F-8BA78A1D6F72}
	EndGlobalSection
EndGlobal
